
Microsoft Visual Studio Solution File, Format Version 12.00
# Visual Studio 2013
VisualStudioVersion = 12.0.31101.0
MinimumVisualStudioVersion = 10.0.40219.1
Project("{FAE04EC0-301F-11D3-BF4B-00C04F79EFBC}") = "DSmall.Core", "DSmall.Core\DSmall.Core.csproj", "{BB9FA708-7CDD-4324-A9D2-833B3063D5F2}"
EndProject
Project("{FAE04EC0-301F-11D3-BF4B-00C04F79EFBC}") = "DSmall.Core.UnitTest", "DSmall.Core.UnitTest\DSmall.Core.UnitTest.csproj", "{154491A4-C99C-4F2A-B885-2AE1E3FC8F72}"
EndProject
Project("{2150E333-8FDC-42A3-9474-1A3956D46DE8}") = "NuGet", "NuGet", "{002FBC70-B160-44E4-988D-4F602F1A8738}"
	ProjectSection(SolutionItems) = preProject
		NuGet\NuGet.exe = NuGet\NuGet.exe
	EndProjectSection
EndProject
Global
	GlobalSection(SolutionConfigurationPlatforms) = preSolution
		Debug|Any CPU = Debug|Any CPU
		Debug-Net40|Any CPU = Debug-Net40|Any CPU
		Debug-Net45|Any CPU = Debug-Net45|Any CPU
		Release|Any CPU = Release|Any CPU
		Release-Net40|Any CPU = Release-Net40|Any CPU
		Release-Net45|Any CPU = Release-Net45|Any CPU
	EndGlobalSection
	GlobalSection(ProjectConfigurationPlatforms) = postSolution
		{BB9FA708-7CDD-4324-A9D2-833B3063D5F2}.Debug|Any CPU.ActiveCfg = Debug|Any CPU
		{BB9FA708-7CDD-4324-A9D2-833B3063D5F2}.Debug|Any CPU.Build.0 = Debug|Any CPU
		{BB9FA708-7CDD-4324-A9D2-833B3063D5F2}.Debug-Net40|Any CPU.ActiveCfg = Debug-Net40|Any CPU
		{BB9FA708-7CDD-4324-A9D2-833B3063D5F2}.Debug-Net40|Any CPU.Build.0 = Debug-Net40|Any CPU
		{BB9FA708-7CDD-4324-A9D2-833B3063D5F2}.Debug-Net45|Any CPU.ActiveCfg = Debug-Net45|Any CPU
		{BB9FA708-7CDD-4324-A9D2-833B3063D5F2}.Debug-Net45|Any CPU.Build.0 = Debug-Net45|Any CPU
		{BB9FA708-7CDD-4324-A9D2-833B3063D5F2}.Release|Any CPU.ActiveCfg = Release|Any CPU
		{BB9FA708-7CDD-4324-A9D2-833B3063D5F2}.Release|Any CPU.Build.0 = Release|Any CPU
		{BB9FA708-7CDD-4324-A9D2-833B3063D5F2}.Release-Net40|Any CPU.ActiveCfg = Release-Net40|Any CPU
		{BB9FA708-7CDD-4324-A9D2-833B3063D5F2}.Release-Net40|Any CPU.Build.0 = Release-Net40|Any CPU
		{BB9FA708-7CDD-4324-A9D2-833B3063D5F2}.Release-Net45|Any CPU.ActiveCfg = Release-Net45|Any CPU
		{BB9FA708-7CDD-4324-A9D2-833B3063D5F2}.Release-Net45|Any CPU.Build.0 = Release-Net45|Any CPU
		{154491A4-C99C-4F2A-B885-2AE1E3FC8F72}.Debug|Any CPU.ActiveCfg = Debug|Any CPU
		{154491A4-C99C-4F2A-B885-2AE1E3FC8F72}.Debug|Any CPU.Build.0 = Debug|Any CPU
		{154491A4-C99C-4F2A-B885-2AE1E3FC8F72}.Debug-Net40|Any CPU.ActiveCfg = Debug-Net40|Any CPU
		{154491A4-C99C-4F2A-B885-2AE1E3FC8F72}.Debug-Net40|Any CPU.Build.0 = Debug-Net40|Any CPU
		{154491A4-C99C-4F2A-B885-2AE1E3FC8F72}.Debug-Net45|Any CPU.ActiveCfg = Debug-Net45|Any CPU
		{154491A4-C99C-4F2A-B885-2AE1E3FC8F72}.Debug-Net45|Any CPU.Build.0 = Debug-Net45|Any CPU
		{154491A4-C99C-4F2A-B885-2AE1E3FC8F72}.Release|Any CPU.ActiveCfg = Release|Any CPU
		{154491A4-C99C-4F2A-B885-2AE1E3FC8F72}.Release|Any CPU.Build.0 = Release|Any CPU
		{154491A4-C99C-4F2A-B885-2AE1E3FC8F72}.Release-Net40|Any CPU.ActiveCfg = Release-Net40|Any CPU
		{154491A4-C99C-4F2A-B885-2AE1E3FC8F72}.Release-Net40|Any CPU.Build.0 = Release-Net40|Any CPU
		{154491A4-C99C-4F2A-B885-2AE1E3FC8F72}.Release-Net45|Any CPU.ActiveCfg = Release-Net45|Any CPU
		{154491A4-C99C-4F2A-B885-2AE1E3FC8F72}.Release-Net45|Any CPU.Build.0 = Release-Net45|Any CPU
	EndGlobalSection
	GlobalSection(SolutionProperties) = preSolution
		HideSolutionNode = FALSE
	EndGlobalSection
EndGlobal
