
Microsoft Visual Studio Solution File, Format Version 12.00
# Visual Studio 2013
VisualStudioVersion = 12.0.31101.0
MinimumVisualStudioVersion = 10.0.40219.1
Project("{FAE04EC0-301F-11D3-BF4B-00C04F79EFBC}") = "DSmall.Core", "DSmall.Core\DSmall.Core.csproj", "{BB9FA708-7CDD-4324-A9D2-833B3063D5F2}"
EndProject
Project("{FAE04EC0-301F-11D3-BF4B-00C04F79EFBC}") = "DSmall.Core.UnitTest", "DSmall.Core.UnitTest\DSmall.Core.UnitTest.csproj", "{154491A4-C99C-4F2A-B885-2AE1E3FC8F72}"
EndProject
Global
	GlobalSection(TeamFoundationVersionControl) = preSolution
		SccNumberOfProjects = 3
		SccEnterpriseProvider = {4CA58AB2-18FA-4F8D-95D4-32DDF27D184C}
		SccTeamFoundationServer = https://dsmall.visualstudio.com/defaultcollection
		SccLocalPath0 = .
		SccProjectUniqueName1 = DSmall.Core\\DSmall.Core.csproj
		SccProjectName1 = DSmall.Core
		SccLocalPath1 = DSmall.Core
		SccProjectUniqueName2 = DSmall.Core.UnitTest\\DSmall.Core.UnitTest.csproj
		SccProjectName2 = DSmall.Core.UnitTest
		SccLocalPath2 = DSmall.Core.UnitTest
	EndGlobalSection
	GlobalSection(SolutionConfigurationPlatforms) = preSolution
		Debug|Any CPU = Debug|Any CPU
		Release|Any CPU = Release|Any CPU
	EndGlobalSection
	GlobalSection(ProjectConfigurationPlatforms) = postSolution
		{BB9FA708-7CDD-4324-A9D2-833B3063D5F2}.Debug|Any CPU.ActiveCfg = Debug|Any CPU
		{BB9FA708-7CDD-4324-A9D2-833B3063D5F2}.Debug|Any CPU.Build.0 = Debug|Any CPU
		{BB9FA708-7CDD-4324-A9D2-833B3063D5F2}.Release|Any CPU.ActiveCfg = Release|Any CPU
		{BB9FA708-7CDD-4324-A9D2-833B3063D5F2}.Release|Any CPU.Build.0 = Release|Any CPU
		{154491A4-C99C-4F2A-B885-2AE1E3FC8F72}.Debug|Any CPU.ActiveCfg = Debug|Any CPU
		{154491A4-C99C-4F2A-B885-2AE1E3FC8F72}.Debug|Any CPU.Build.0 = Debug|Any CPU
		{154491A4-C99C-4F2A-B885-2AE1E3FC8F72}.Release|Any CPU.ActiveCfg = Release|Any CPU
		{154491A4-C99C-4F2A-B885-2AE1E3FC8F72}.Release|Any CPU.Build.0 = Release|Any CPU
	EndGlobalSection
	GlobalSection(SolutionProperties) = preSolution
		HideSolutionNode = FALSE
	EndGlobalSection
EndGlobal
